Microsoft Visual Studio Solution File, Format Version 12.00
# Visual Studio Version 17
VisualStudioVersion = 17.5.2.0
MinimumVisualStudioVersion = 10.0.40219.1
Project("{FAE04EC0-301F-11D3-BF4B-00C04F79EFBC}") = "Alphafit", "Alphafit.csproj", "{07F038C2-B9A8-7B7B-B494-FE5EEEB6B9D1}"
EndProject
Global
	GlobalSection(SolutionConfigurationPlatforms) = preSolution
		Debug|Any CPU = Debug|Any CPU
		Release|Any CPU = Release|Any CPU
	EndGlobalSection
	GlobalSection(ProjectConfigurationPlatforms) = postSolution
		{07F038C2-B9A8-7B7B-B494-FE5EEEB6B9D1}.Debug|Any CPU.ActiveCfg = Debug|Any CPU
		{07F038C2-B9A8-7B7B-B494-FE5EEEB6B9D1}.Debug|Any CPU.Build.0 = Debug|Any CPU
		{07F038C2-B9A8-7B7B-B494-FE5EEEB6B9D1}.Release|Any CPU.ActiveCfg = Release|Any CPU
		{07F038C2-B9A8-7B7B-B494-FE5EEEB6B9D1}.Release|Any CPU.Build.0 = Release|Any CPU
	EndGlobalSection
	GlobalSection(SolutionProperties) = preSolution
		HideSolutionNode = FALSE
	EndGlobalSection
	GlobalSection(ExtensibilityGlobals) = postSolution
		SolutionGuid = {9C389EFC-699F-42AA-B916-9FF2047D0D88}
	EndGlobalSection
EndGlobal
